
Microsoft Visual Studio Solution File, Format Version 12.00
# Visual Studio Version 17
VisualStudioVersion = 17.3.32929.385
MinimumVisualStudioVersion = 10.0.40219.1
Project("{FAE04EC0-301F-11D3-BF4B-00C04F79EFBC}") = "CarpetCalcMethods", "CarpetCalcMethods\CarpetCalcMethods.csproj", "{81F7E110-1947-45F9-A41A-449E22C7BBC5}"
EndProject
Global
	GlobalSection(SolutionConfigurationPlatforms) = preSolution
		Debug|Any CPU = Debug|Any CPU
		Release|Any CPU = Release|Any CPU
	EndGlobalSection
	GlobalSection(ProjectConfigurationPlatforms) = postSolution
		{81F7E110-1947-45F9-A41A-449E22C7BBC5}.Debug|Any CPU.ActiveCfg = Debug|Any CPU
		{81F7E110-1947-45F9-A41A-449E22C7BBC5}.Debug|Any CPU.Build.0 = Debug|Any CPU
		{81F7E110-1947-45F9-A41A-449E22C7BBC5}.Release|Any CPU.ActiveCfg = Release|Any CPU
		{81F7E110-1947-45F9-A41A-449E22C7BBC5}.Release|Any CPU.Build.0 = Release|Any CPU
	EndGlobalSection
	GlobalSection(SolutionProperties) = preSolution
		HideSolutionNode = FALSE
	EndGlobalSection
	GlobalSection(ExtensibilityGlobals) = postSolution
		SolutionGuid = {AA8A4454-F123-4920-8AC3-78CA3A9B3EE9}
	EndGlobalSection
EndGlobal
