
Microsoft Visual Studio Solution File, Format Version 12.00
# Visual Studio Version 17
VisualStudioVersion = 17.5.33516.290
MinimumVisualStudioVersion = 10.0.40219.1
Project("{FAE04EC0-301F-11D3-BF4B-00C04F79EFBC}") = "RestaurantOrder", "RestaurantOrder\RestaurantOrder.csproj", "{60E0E833-9740-4BC8-82A7-5A0C0D9016BE}"
EndProject
Global
	GlobalSection(SolutionConfigurationPlatforms) = preSolution
		Debug|Any CPU = Debug|Any CPU
		Release|Any CPU = Release|Any CPU
	EndGlobalSection
	GlobalSection(ProjectConfigurationPlatforms) = postSolution
		{60E0E833-9740-4BC8-82A7-5A0C0D9016BE}.Debug|Any CPU.ActiveCfg = Debug|Any CPU
		{60E0E833-9740-4BC8-82A7-5A0C0D9016BE}.Debug|Any CPU.Build.0 = Debug|Any CPU
		{60E0E833-9740-4BC8-82A7-5A0C0D9016BE}.Release|Any CPU.ActiveCfg = Release|Any CPU
		{60E0E833-9740-4BC8-82A7-5A0C0D9016BE}.Release|Any CPU.Build.0 = Release|Any CPU
	EndGlobalSection
	GlobalSection(SolutionProperties) = preSolution
		HideSolutionNode = FALSE
	EndGlobalSection
	GlobalSection(ExtensibilityGlobals) = postSolution
		SolutionGuid = {C8D261CA-DCB5-4489-96BA-4CA838667557}
	EndGlobalSection
EndGlobal
