
Microsoft Visual Studio Solution File, Format Version 12.00
# Visual Studio Version 17
VisualStudioVersion = 17.2.32616.157
MinimumVisualStudioVersion = 10.0.40219.1
Project("{FAE04EC0-301F-11D3-BF4B-00C04F79EFBC}") = "Lec1Demo", "Lec1Demo\Lec1Demo.csproj", "{C1E4936C-8C58-4787-9688-9732F2C7E66C}"
EndProject
Global
	GlobalSection(SolutionConfigurationPlatforms) = preSolution
		Debug|Any CPU = Debug|Any CPU
		Release|Any CPU = Release|Any CPU
	EndGlobalSection
	GlobalSection(ProjectConfigurationPlatforms) = postSolution
		{C1E4936C-8C58-4787-9688-9732F2C7E66C}.Debug|Any CPU.ActiveCfg = Debug|Any CPU
		{C1E4936C-8C58-4787-9688-9732F2C7E66C}.Debug|Any CPU.Build.0 = Debug|Any CPU
		{C1E4936C-8C58-4787-9688-9732F2C7E66C}.Release|Any CPU.ActiveCfg = Release|Any CPU
		{C1E4936C-8C58-4787-9688-9732F2C7E66C}.Release|Any CPU.Build.0 = Release|Any CPU
	EndGlobalSection
	GlobalSection(SolutionProperties) = preSolution
		HideSolutionNode = FALSE
	EndGlobalSection
	GlobalSection(ExtensibilityGlobals) = postSolution
		SolutionGuid = {B651E88E-58D3-4A33-BA76-C94AD97C1F02}
	EndGlobalSection
EndGlobal
