
Microsoft Visual Studio Solution File, Format Version 12.00
# Visual Studio Version 16
VisualStudioVersion = 16.0.29102.190
MinimumVisualStudioVersion = 10.0.40219.1
Project("{FAE04EC0-301F-11D3-BF4B-00C04F79EFBC}") = "ShaolWFA", "ShaolWFA\ShaolWFA.csproj", "{9118513A-30A4-4275-B1D8-45E9576984DC}"
EndProject
Global
	GlobalSection(SolutionConfigurationPlatforms) = preSolution
		Debug|Any CPU = Debug|Any CPU
		Release|Any CPU = Release|Any CPU
	EndGlobalSection
	GlobalSection(ProjectConfigurationPlatforms) = postSolution
		{9118513A-30A4-4275-B1D8-45E9576984DC}.Debug|Any CPU.ActiveCfg = Debug|Any CPU
		{9118513A-30A4-4275-B1D8-45E9576984DC}.Debug|Any CPU.Build.0 = Debug|Any CPU
		{9118513A-30A4-4275-B1D8-45E9576984DC}.Release|Any CPU.ActiveCfg = Release|Any CPU
		{9118513A-30A4-4275-B1D8-45E9576984DC}.Release|Any CPU.Build.0 = Release|Any CPU
	EndGlobalSection
	GlobalSection(SolutionProperties) = preSolution
		HideSolutionNode = FALSE
	EndGlobalSection
	GlobalSection(ExtensibilityGlobals) = postSolution
		SolutionGuid = {5CDE1EF1-4938-4268-86BA-B303BA05CD46}
	EndGlobalSection
EndGlobal
