
Microsoft Visual Studio Solution File, Format Version 12.00
# Visual Studio Version 17
VisualStudioVersion = 17.2.32616.157
MinimumVisualStudioVersion = 10.0.40219.1
Project("{FAE04EC0-301F-11D3-BF4B-00C04F79EFBC}") = "ArraysDemo", "ArraysDemo\ArraysDemo.csproj", "{D105AEB6-B51E-48B3-BA4B-8A4777E281F8}"
EndProject
Global
	GlobalSection(SolutionConfigurationPlatforms) = preSolution
		Debug|Any CPU = Debug|Any CPU
		Release|Any CPU = Release|Any CPU
	EndGlobalSection
	GlobalSection(ProjectConfigurationPlatforms) = postSolution
		{D105AEB6-B51E-48B3-BA4B-8A4777E281F8}.Debug|Any CPU.ActiveCfg = Debug|Any CPU
		{D105AEB6-B51E-48B3-BA4B-8A4777E281F8}.Debug|Any CPU.Build.0 = Debug|Any CPU
		{D105AEB6-B51E-48B3-BA4B-8A4777E281F8}.Release|Any CPU.ActiveCfg = Release|Any CPU
		{D105AEB6-B51E-48B3-BA4B-8A4777E281F8}.Release|Any CPU.Build.0 = Release|Any CPU
	EndGlobalSection
	GlobalSection(SolutionProperties) = preSolution
		HideSolutionNode = FALSE
	EndGlobalSection
	GlobalSection(ExtensibilityGlobals) = postSolution
		SolutionGuid = {E3D377DB-D323-4BAB-9C3F-048011AF60C6}
	EndGlobalSection
EndGlobal
