
Microsoft Visual Studio Solution File, Format Version 12.00
# Visual Studio 2012
Project("{FAE04EC0-301F-11D3-BF4B-00C04F79EFBC}") = "StatePicker", "StatePicker\StatePicker.csproj", "{98FA3B13-D1D8-48DB-B1E1-FD32774150C1}"
EndProject
Global
	GlobalSection(SolutionConfigurationPlatforms) = preSolution
		Debug|Any CPU = Debug|Any CPU
		Release|Any CPU = Release|Any CPU
	EndGlobalSection
	GlobalSection(ProjectConfigurationPlatforms) = postSolution
		{98FA3B13-D1D8-48DB-B1E1-FD32774150C1}.Debug|Any CPU.ActiveCfg = Debug|Any CPU
		{98FA3B13-D1D8-48DB-B1E1-FD32774150C1}.Debug|Any CPU.Build.0 = Debug|Any CPU
		{98FA3B13-D1D8-48DB-B1E1-FD32774150C1}.Release|Any CPU.ActiveCfg = Release|Any CPU
		{98FA3B13-D1D8-48DB-B1E1-FD32774150C1}.Release|Any CPU.Build.0 = Release|Any CPU
	EndGlobalSection
	GlobalSection(SolutionProperties) = preSolution
		HideSolutionNode = FALSE
	EndGlobalSection
EndGlobal
