
Microsoft Visual Studio Solution File, Format Version 12.00
# Visual Studio Version 17
VisualStudioVersion = 17.2.32616.157
MinimumVisualStudioVersion = 10.0.40219.1
Project("{FAE04EC0-301F-11D3-BF4B-00C04F79EFBC}") = "Lec4MethodsDemo", "Lec4MethodsDemo\Lec4MethodsDemo.csproj", "{31E3EA87-0249-4312-BE54-5605250FD582}"
EndProject
Global
	GlobalSection(SolutionConfigurationPlatforms) = preSolution
		Debug|Any CPU = Debug|Any CPU
		Release|Any CPU = Release|Any CPU
	EndGlobalSection
	GlobalSection(ProjectConfigurationPlatforms) = postSolution
		{31E3EA87-0249-4312-BE54-5605250FD582}.Debug|Any CPU.ActiveCfg = Debug|Any CPU
		{31E3EA87-0249-4312-BE54-5605250FD582}.Debug|Any CPU.Build.0 = Debug|Any CPU
		{31E3EA87-0249-4312-BE54-5605250FD582}.Release|Any CPU.ActiveCfg = Release|Any CPU
		{31E3EA87-0249-4312-BE54-5605250FD582}.Release|Any CPU.Build.0 = Release|Any CPU
	EndGlobalSection
	GlobalSection(SolutionProperties) = preSolution
		HideSolutionNode = FALSE
	EndGlobalSection
	GlobalSection(ExtensibilityGlobals) = postSolution
		SolutionGuid = {BCDDA992-43AA-4CBB-9C34-0C4EB9A6CA95}
	EndGlobalSection
EndGlobal
