
Microsoft Visual Studio Solution File, Format Version 12.00
# Visual Studio Version 17
VisualStudioVersion = 17.2.32616.157
MinimumVisualStudioVersion = 10.0.40219.1
Project("{FAE04EC0-301F-11D3-BF4B-00C04F79EFBC}") = "Lec2Demo", "Lec2Demo\Lec2Demo.csproj", "{048C8234-2512-4086-9170-ED89B94A59F4}"
EndProject
Global
	GlobalSection(SolutionConfigurationPlatforms) = preSolution
		Debug|Any CPU = Debug|Any CPU
		Release|Any CPU = Release|Any CPU
	EndGlobalSection
	GlobalSection(ProjectConfigurationPlatforms) = postSolution
		{048C8234-2512-4086-9170-ED89B94A59F4}.Debug|Any CPU.ActiveCfg = Debug|Any CPU
		{048C8234-2512-4086-9170-ED89B94A59F4}.Debug|Any CPU.Build.0 = Debug|Any CPU
		{048C8234-2512-4086-9170-ED89B94A59F4}.Release|Any CPU.ActiveCfg = Release|Any CPU
		{048C8234-2512-4086-9170-ED89B94A59F4}.Release|Any CPU.Build.0 = Release|Any CPU
	EndGlobalSection
	GlobalSection(SolutionProperties) = preSolution
		HideSolutionNode = FALSE
	EndGlobalSection
	GlobalSection(ExtensibilityGlobals) = postSolution
		SolutionGuid = {426B53E3-FD22-4A67-84BF-5A664082EC05}
	EndGlobalSection
EndGlobal
